
Microsoft Visual Studio Solution File, Format Version 12.00
# Visual Studio 2012
Project("{FAE04EC0-301F-11D3-BF4B-00C04F79EFBC}") = "CanvasFilters", "CanvasFilters\CanvasFilters.csproj", "{6D482752-D33C-4BB1-8AB2-032E0E303DDC}"
EndProject
Global
	GlobalSection(SolutionConfigurationPlatforms) = preSolution
		Debug|Any CPU = Debug|Any CPU
		Release|Any CPU = Release|Any CPU
	EndGlobalSection
	GlobalSection(ProjectConfigurationPlatforms) = postSolution
		{6D482752-D33C-4BB1-8AB2-032E0E303DDC}.Debug|Any CPU.ActiveCfg = Debug|Any CPU
		{6D482752-D33C-4BB1-8AB2-032E0E303DDC}.Debug|Any CPU.Build.0 = Debug|Any CPU
		{6D482752-D33C-4BB1-8AB2-032E0E303DDC}.Release|Any CPU.ActiveCfg = Release|Any CPU
		{6D482752-D33C-4BB1-8AB2-032E0E303DDC}.Release|Any CPU.Build.0 = Release|Any CPU
	EndGlobalSection
	GlobalSection(SolutionProperties) = preSolution
		HideSolutionNode = FALSE
	EndGlobalSection
EndGlobal
